
Microsoft Visual Studio Solution File, Format Version 12.00
# Visual Studio Version 17
VisualStudioVersion = 17.9.34728.123
MinimumVisualStudioVersion = 10.0.40219.1
Project("{FAE04EC0-301F-11D3-BF4B-00C04F79EFBC}") = "Project.API.Last", "Project.API.Last\Project.API.Last.csproj", "{991AC51C-631B-4652-B602-50572D40D0F5}"
EndProject
Project("{FAE04EC0-301F-11D3-BF4B-00C04F79EFBC}") = "ClassLibrary1.DAL", "ClassLibrary1.DAL\ClassLibrary1.DAL.csproj", "{747A27DA-8975-49A9-8ABF-5F2D005FCF6D}"
EndProject
Project("{FAE04EC0-301F-11D3-BF4B-00C04F79EFBC}") = "ClassLibrary1.BL", "ClassLibrary1.BL\ClassLibrary1.BL.csproj", "{1B722FBB-B86A-4F33-898A-96E0C6EFB278}"
EndProject
Global
	GlobalSection(SolutionConfigurationPlatforms) = preSolution
		Debug|Any CPU = Debug|Any CPU
		Release|Any CPU = Release|Any CPU
	EndGlobalSection
	GlobalSection(ProjectConfigurationPlatforms) = postSolution
		{991AC51C-631B-4652-B602-50572D40D0F5}.Debug|Any CPU.ActiveCfg = Debug|Any CPU
		{991AC51C-631B-4652-B602-50572D40D0F5}.Debug|Any CPU.Build.0 = Debug|Any CPU
		{991AC51C-631B-4652-B602-50572D40D0F5}.Release|Any CPU.ActiveCfg = Release|Any CPU
		{991AC51C-631B-4652-B602-50572D40D0F5}.Release|Any CPU.Build.0 = Release|Any CPU
		{747A27DA-8975-49A9-8ABF-5F2D005FCF6D}.Debug|Any CPU.ActiveCfg = Debug|Any CPU
		{747A27DA-8975-49A9-8ABF-5F2D005FCF6D}.Debug|Any CPU.Build.0 = Debug|Any CPU
		{747A27DA-8975-49A9-8ABF-5F2D005FCF6D}.Release|Any CPU.ActiveCfg = Release|Any CPU
		{747A27DA-8975-49A9-8ABF-5F2D005FCF6D}.Release|Any CPU.Build.0 = Release|Any CPU
		{1B722FBB-B86A-4F33-898A-96E0C6EFB278}.Debug|Any CPU.ActiveCfg = Debug|Any CPU
		{1B722FBB-B86A-4F33-898A-96E0C6EFB278}.Debug|Any CPU.Build.0 = Debug|Any CPU
		{1B722FBB-B86A-4F33-898A-96E0C6EFB278}.Release|Any CPU.ActiveCfg = Release|Any CPU
		{1B722FBB-B86A-4F33-898A-96E0C6EFB278}.Release|Any CPU.Build.0 = Release|Any CPU
	EndGlobalSection
	GlobalSection(SolutionProperties) = preSolution
		HideSolutionNode = FALSE
	EndGlobalSection
	GlobalSection(ExtensibilityGlobals) = postSolution
		SolutionGuid = {66CB883E-2D10-44F9-92C3-BBF3B1A26396}
	EndGlobalSection
EndGlobal
